
Microsoft Visual Studio Solution File, Format Version 12.00
Project("{FAE04EC0-301F-11D3-BF4B-00C04F79EFBC}") = "SystemPrograming4", "SystemPrograming4\SystemPrograming4.csproj", "{7215C15F-10BE-4E76-A34D-DD2DFCB671E7}"
EndProject
Global
	GlobalSection(SolutionConfigurationPlatforms) = preSolution
		Debug|Any CPU = Debug|Any CPU
		Release|Any CPU = Release|Any CPU
	EndGlobalSection
	GlobalSection(ProjectConfigurationPlatforms) = postSolution
		{7215C15F-10BE-4E76-A34D-DD2DFCB671E7}.Debug|Any CPU.ActiveCfg = Debug|Any CPU
		{7215C15F-10BE-4E76-A34D-DD2DFCB671E7}.Debug|Any CPU.Build.0 = Debug|Any CPU
		{7215C15F-10BE-4E76-A34D-DD2DFCB671E7}.Release|Any CPU.ActiveCfg = Release|Any CPU
		{7215C15F-10BE-4E76-A34D-DD2DFCB671E7}.Release|Any CPU.Build.0 = Release|Any CPU
	EndGlobalSection
EndGlobal
